
Microsoft Visual Studio Solution File, Format Version 12.00
# Visual Studio 14
VisualStudioVersion = 14.0.25420.1
MinimumVisualStudioVersion = 10.0.40219.1
Project("{FAE04EC0-301F-11D3-BF4B-00C04F79EFBC}") = "GuinnessTravelGuideSP", "GuinessTravelGuideSP\GuinnessTravelGuideSP.csproj", "{8DA3CDB9-BAEB-4D85-A6CF-14FB65629C2F}"
EndProject
Project("{FAE04EC0-301F-11D3-BF4B-00C04F79EFBC}") = "GuinnessTravelGuideSP.Tests", "GuinessTravelGuideSP.Tests\GuinnessTravelGuideSP.Tests.csproj", "{70852E2D-1063-4C72-8387-FCA94B4338E2}"
EndProject
Global
	GlobalSection(SolutionConfigurationPlatforms) = preSolution
		Debug|Any CPU = Debug|Any CPU
		Release|Any CPU = Release|Any CPU
	EndGlobalSection
	GlobalSection(ProjectConfigurationPlatforms) = postSolution
		{8DA3CDB9-BAEB-4D85-A6CF-14FB65629C2F}.Debug|Any CPU.ActiveCfg = Debug|Any CPU
		{8DA3CDB9-BAEB-4D85-A6CF-14FB65629C2F}.Debug|Any CPU.Build.0 = Debug|Any CPU
		{8DA3CDB9-BAEB-4D85-A6CF-14FB65629C2F}.Release|Any CPU.ActiveCfg = Release|Any CPU
		{8DA3CDB9-BAEB-4D85-A6CF-14FB65629C2F}.Release|Any CPU.Build.0 = Release|Any CPU
		{70852E2D-1063-4C72-8387-FCA94B4338E2}.Debug|Any CPU.ActiveCfg = Debug|Any CPU
		{70852E2D-1063-4C72-8387-FCA94B4338E2}.Debug|Any CPU.Build.0 = Debug|Any CPU
		{70852E2D-1063-4C72-8387-FCA94B4338E2}.Release|Any CPU.ActiveCfg = Release|Any CPU
		{70852E2D-1063-4C72-8387-FCA94B4338E2}.Release|Any CPU.Build.0 = Release|Any CPU
	EndGlobalSection
	GlobalSection(SolutionProperties) = preSolution
		HideSolutionNode = FALSE
	EndGlobalSection
EndGlobal
